
Microsoft Visual Studio Solution File, Format Version 12.00
# Visual Studio 15
VisualStudioVersion = 15.0.27703.2026
MinimumVisualStudioVersion = 10.0.40219.1
Project("{FAE04EC0-301F-11D3-BF4B-00C04F79EFBC}") = "HotPytatoBackend", "Backend\HotPytatoBackend.csproj", "{BB28C549-1FAE-4574-956F-B3F32BAC1FE9}"
EndProject
Project("{FAE04EC0-301F-11D3-BF4B-00C04F79EFBC}") = "LinuxUI", "LinuxUI\LinuxUI.csproj", "{161967EA-350B-4620-8CC8-104C1A1DEB96}"
EndProject
Global
	GlobalSection(SolutionConfigurationPlatforms) = preSolution
		Debug|Any CPU = Debug|Any CPU
		Release|Any CPU = Release|Any CPU
	EndGlobalSection
	GlobalSection(ProjectConfigurationPlatforms) = postSolution
		{BB28C549-1FAE-4574-956F-B3F32BAC1FE9}.Debug|Any CPU.ActiveCfg = Debug|Any CPU
		{BB28C549-1FAE-4574-956F-B3F32BAC1FE9}.Debug|Any CPU.Build.0 = Debug|Any CPU
		{BB28C549-1FAE-4574-956F-B3F32BAC1FE9}.Release|Any CPU.ActiveCfg = Release|Any CPU
		{BB28C549-1FAE-4574-956F-B3F32BAC1FE9}.Release|Any CPU.Build.0 = Release|Any CPU
		{161967EA-350B-4620-8CC8-104C1A1DEB96}.Debug|Any CPU.ActiveCfg = Debug|Any CPU
		{161967EA-350B-4620-8CC8-104C1A1DEB96}.Debug|Any CPU.Build.0 = Debug|Any CPU
		{161967EA-350B-4620-8CC8-104C1A1DEB96}.Release|Any CPU.ActiveCfg = Release|Any CPU
		{161967EA-350B-4620-8CC8-104C1A1DEB96}.Release|Any CPU.Build.0 = Release|Any CPU
	EndGlobalSection
	GlobalSection(SolutionProperties) = preSolution
		HideSolutionNode = FALSE
	EndGlobalSection
	GlobalSection(ExtensibilityGlobals) = postSolution
		SolutionGuid = {A273C9C7-05A8-44CB-A797-7EAE0FEC5495}
	EndGlobalSection
EndGlobal
