
Microsoft Visual Studio Solution File, Format Version 12.00
# Visual Studio 15
VisualStudioVersion = 15.0.27703.2026
MinimumVisualStudioVersion = 10.0.40219.1
Project("{FAE04EC0-301F-11D3-BF4B-00C04F79EFBC}") = "HotPytatoBackend", "HotPytatoBackend\HotPytatoBackend.csproj", "{A0FA5D12-5107-4401-AAEB-AB3D45ECB801}"
EndProject
Project("{FAE04EC0-301F-11D3-BF4B-00C04F79EFBC}") = "HotPytatoWindowsUI", "HotPytatoBackend\HotPytatoWindowsUI\HotPytatoWindowsUI.csproj", "{B51C6D0D-4073-41C9-994A-E1C69840CDF2}"
EndProject
Global
	GlobalSection(SolutionConfigurationPlatforms) = preSolution
		Debug|Any CPU = Debug|Any CPU
		Release|Any CPU = Release|Any CPU
	EndGlobalSection
	GlobalSection(ProjectConfigurationPlatforms) = postSolution
		{A0FA5D12-5107-4401-AAEB-AB3D45ECB801}.Debug|Any CPU.ActiveCfg = Debug|Any CPU
		{A0FA5D12-5107-4401-AAEB-AB3D45ECB801}.Debug|Any CPU.Build.0 = Debug|Any CPU
		{A0FA5D12-5107-4401-AAEB-AB3D45ECB801}.Release|Any CPU.ActiveCfg = Release|Any CPU
		{A0FA5D12-5107-4401-AAEB-AB3D45ECB801}.Release|Any CPU.Build.0 = Release|Any CPU
		{B51C6D0D-4073-41C9-994A-E1C69840CDF2}.Debug|Any CPU.ActiveCfg = Debug|Any CPU
		{B51C6D0D-4073-41C9-994A-E1C69840CDF2}.Debug|Any CPU.Build.0 = Debug|Any CPU
		{B51C6D0D-4073-41C9-994A-E1C69840CDF2}.Release|Any CPU.ActiveCfg = Release|Any CPU
		{B51C6D0D-4073-41C9-994A-E1C69840CDF2}.Release|Any CPU.Build.0 = Release|Any CPU
	EndGlobalSection
	GlobalSection(SolutionProperties) = preSolution
		HideSolutionNode = FALSE
	EndGlobalSection
	GlobalSection(ExtensibilityGlobals) = postSolution
		SolutionGuid = {A273C9C7-05A8-44CB-A797-7EAE0FEC5495}
	EndGlobalSection
EndGlobal
